
Microsoft Visual Studio Solution File, Format Version 12.00
# Visual Studio Version 16
VisualStudioVersion = 16.0.28803.452
MinimumVisualStudioVersion = 10.0.40219.1
Project("{FAE04EC0-301F-11D3-BF4B-00C04F79EFBC}") = "Ocorrencia de Manutenção", "Ocorrencia de Manutenção.csproj", "{380F1697-8333-4A0E-BBF7-8ED35EF853CB}"
EndProject
Global
	GlobalSection(SolutionConfigurationPlatforms) = preSolution
		Debug|Any CPU = Debug|Any CPU
		Release|Any CPU = Release|Any CPU
	EndGlobalSection
	GlobalSection(ProjectConfigurationPlatforms) = postSolution
		{380F1697-8333-4A0E-BBF7-8ED35EF853CB}.Debug|Any CPU.ActiveCfg = Debug|Any CPU
		{380F1697-8333-4A0E-BBF7-8ED35EF853CB}.Debug|Any CPU.Build.0 = Debug|Any CPU
		{380F1697-8333-4A0E-BBF7-8ED35EF853CB}.Release|Any CPU.ActiveCfg = Release|Any CPU
		{380F1697-8333-4A0E-BBF7-8ED35EF853CB}.Release|Any CPU.Build.0 = Release|Any CPU
	EndGlobalSection
	GlobalSection(SolutionProperties) = preSolution
		HideSolutionNode = FALSE
	EndGlobalSection
	GlobalSection(ExtensibilityGlobals) = postSolution
		SolutionGuid = {FD53B276-6379-4BD8-98D9-F67AAFCB022E}
	EndGlobalSection
EndGlobal
